// !$*UTF8*$!
{
	archiveVersion = 1;
	classes = {
	};
	objectVersion = 55;
	objects = {

/* Begin PBXBuildFile section */
		DB0E9AAD27832C6E00ACFCF9 /* PokemonQuizApp.swift in Sources */ = {isa = PBXBuildFile; fileRef = DB0E9AAC27832C6E00ACFCF9 /* PokemonQuizApp.swift */; };
		DB0E9AAF27832C6E00ACFCF9 /* PokemonGameView.swift in Sources */ = {isa = PBXBuildFile; fileRef = DB0E9AAE27832C6E00ACFCF9 /* PokemonGameView.swift */; };
		DB0E9AB127832C6F00ACFCF9 /* Assets.xcassets in Resources */ = {isa = PBXBuildFile; fileRef = DB0E9AB027832C6F00ACFCF9 /* Assets.xcassets */; };
		DB0E9AB427832C6F00ACFCF9 /* Preview Assets.xcassets in Resources */ = {isa = PBXBuildFile; fileRef = DB0E9AB327832C6F00ACFCF9 /* Preview Assets.xcassets */; };
		DB0E9ABC27832EAF00ACFCF9 /* PokemonAPI in Frameworks */ = {isa = PBXBuildFile; productRef = DB0E9ABB27832EAF00ACFCF9 /* PokemonAPI */; };
		DB0E9ABE2783304900ACFCF9 /* PokemonRegionModel.swift in Sources */ = {isa = PBXBuildFile; fileRef = DB0E9ABD2783304900ACFCF9 /* PokemonRegionModel.swift */; };
		DB6694B227845D4F00A14282 /* PokemonQuizGame.swift in Sources */ = {isa = PBXBuildFile; fileRef = DB6694B127845D4F00A14282 /* PokemonQuizGame.swift */; };
		DB6694B6278465C200A14282 /* UtilityViews.swift in Sources */ = {isa = PBXBuildFile; fileRef = DB6694B5278465C200A14282 /* UtilityViews.swift */; };
		DB6694B827846BA300A14282 /* Sprite.swift in Sources */ = {isa = PBXBuildFile; fileRef = DB6694B727846BA300A14282 /* Sprite.swift */; };
		DB6694BA27846CD800A14282 /* UtilityExtensions.swift in Sources */ = {isa = PBXBuildFile; fileRef = DB6694B927846CD800A14282 /* UtilityExtensions.swift */; };
		DB9227B0278A2EBF00051985 /* HighscoreView.swift in Sources */ = {isa = PBXBuildFile; fileRef = DB9227AF278A2EBF00051985 /* HighscoreView.swift */; };
		DBA80259278A1D3D000B9AE2 /* StartupView.swift in Sources */ = {isa = PBXBuildFile; fileRef = DBA80258278A1D3D000B9AE2 /* StartupView.swift */; };
		DBED475B278B3AA3009F2002 /* RegionIndexView.swift in Sources */ = {isa = PBXBuildFile; fileRef = DBED475A278B3AA3009F2002 /* RegionIndexView.swift */; };
		DBED475D278B904B009F2002 /* ViewModifierExtensions.swift in Sources */ = {isa = PBXBuildFile; fileRef = DBED475C278B904B009F2002 /* ViewModifierExtensions.swift */; };
/* End PBXBuildFile section */

/* Begin PBXFileReference section */
		DB0E9AA927832C6E00ACFCF9 /* PokemonQuizApp.app */ = {isa = PBXFileReference; explicitFileType = wrapper.application; includeInIndex = 0; path = PokemonQuizApp.app; sourceTree = BUILT_PRODUCTS_DIR; };
		DB0E9AAC27832C6E00ACFCF9 /* PokemonQuizApp.swift */ = {isa = PBXFileReference; lastKnownFileType = sourcecode.swift; path = PokemonQuizApp.swift; sourceTree = "<group>"; };
		DB0E9AAE27832C6E00ACFCF9 /* PokemonGameView.swift */ = {isa = PBXFileReference; lastKnownFileType = sourcecode.swift; path = PokemonGameView.swift; sourceTree = "<group>"; };
		DB0E9AB027832C6F00ACFCF9 /* Assets.xcassets */ = {isa = PBXFileReference; lastKnownFileType = folder.assetcatalog; path = Assets.xcassets; sourceTree = "<group>"; };
		DB0E9AB327832C6F00ACFCF9 /* Preview Assets.xcassets */ = {isa = PBXFileReference; lastKnownFileType = folder.assetcatalog; path = "Preview Assets.xcassets"; sourceTree = "<group>"; };
		DB0E9ABD2783304900ACFCF9 /* PokemonRegionModel.swift */ = {isa = PBXFileReference; lastKnownFileType = sourcecode.swift; path = PokemonRegionModel.swift; sourceTree = "<group>"; };
		DB6694B127845D4F00A14282 /* PokemonQuizGame.swift */ = {isa = PBXFileReference; lastKnownFileType = sourcecode.swift; path = PokemonQuizGame.swift; sourceTree = "<group>"; };
		DB6694B5278465C200A14282 /* UtilityViews.swift */ = {isa = PBXFileReference; lastKnownFileType = sourcecode.swift; path = UtilityViews.swift; sourceTree = "<group>"; };
		DB6694B727846BA300A14282 /* Sprite.swift */ = {isa = PBXFileReference; lastKnownFileType = sourcecode.swift; path = Sprite.swift; sourceTree = "<group>"; };
		DB6694B927846CD800A14282 /* UtilityExtensions.swift */ = {isa = PBXFileReference; lastKnownFileType = sourcecode.swift; path = UtilityExtensions.swift; sourceTree = "<group>"; };
		DB9227AF278A2EBF00051985 /* HighscoreView.swift */ = {isa = PBXFileReference; lastKnownFileType = sourcecode.swift; path = HighscoreView.swift; sourceTree = "<group>"; };
		DBA80258278A1D3D000B9AE2 /* StartupView.swift */ = {isa = PBXFileReference; lastKnownFileType = sourcecode.swift; path = StartupView.swift; sourceTree = "<group>"; };
		DBED475A278B3AA3009F2002 /* RegionIndexView.swift */ = {isa = PBXFileReference; lastKnownFileType = sourcecode.swift; path = RegionIndexView.swift; sourceTree = "<group>"; };
		DBED475C278B904B009F2002 /* ViewModifierExtensions.swift */ = {isa = PBXFileReference; lastKnownFileType = sourcecode.swift; path = ViewModifierExtensions.swift; sourceTree = "<group>"; };
/* End PBXFileReference section */

/* Begin PBXFrameworksBuildPhase section */
		DB0E9AA627832C6E00ACFCF9 /* Frameworks */ = {
			isa = PBXFrameworksBuildPhase;
			buildActionMask = 2147483647;
			files = (
				DB0E9ABC27832EAF00ACFCF9 /* PokemonAPI in Frameworks */,
			);
			runOnlyForDeploymentPostprocessing = 0;
		};
/* End PBXFrameworksBuildPhase section */

/* Begin PBXGroup section */
		DB0E9AA027832C6E00ACFCF9 = {
			isa = PBXGroup;
			children = (
				DB0E9AAB27832C6E00ACFCF9 /* PokemonQuizApp */,
				DB0E9AAA27832C6E00ACFCF9 /* Products */,
			);
			sourceTree = "<group>";
		};
		DB0E9AAA27832C6E00ACFCF9 /* Products */ = {
			isa = PBXGroup;
			children = (
				DB0E9AA927832C6E00ACFCF9 /* PokemonQuizApp.app */,
			);
			name = Products;
			sourceTree = "<group>";
		};
		DB0E9AAB27832C6E00ACFCF9 /* PokemonQuizApp */ = {
			isa = PBXGroup;
			children = (
				DB0E9AAC27832C6E00ACFCF9 /* PokemonQuizApp.swift */,
				DB0E9AAE27832C6E00ACFCF9 /* PokemonGameView.swift */,
				DBA80258278A1D3D000B9AE2 /* StartupView.swift */,
				DB9227AF278A2EBF00051985 /* HighscoreView.swift */,
				DBED475A278B3AA3009F2002 /* RegionIndexView.swift */,
				DB6694B5278465C200A14282 /* UtilityViews.swift */,
				DB6694B127845D4F00A14282 /* PokemonQuizGame.swift */,
				DB0E9ABD2783304900ACFCF9 /* PokemonRegionModel.swift */,
				DB6694B927846CD800A14282 /* UtilityExtensions.swift */,
				DBED475C278B904B009F2002 /* ViewModifierExtensions.swift */,
				DB6694B727846BA300A14282 /* Sprite.swift */,
				DB0E9AB027832C6F00ACFCF9 /* Assets.xcassets */,
				DB0E9AB227832C6F00ACFCF9 /* Preview Content */,
			);
			path = PokemonQuizApp;
			sourceTree = "<group>";
		};
		DB0E9AB227832C6F00ACFCF9 /* Preview Content */ = {
			isa = PBXGroup;
			children = (
				DB0E9AB327832C6F00ACFCF9 /* Preview Assets.xcassets */,
			);
			path = "Preview Content";
			sourceTree = "<group>";
		};
/* End PBXGroup section */

/* Begin PBXNativeTarget section */
		DB0E9AA827832C6E00ACFCF9 /* PokemonQuizApp */ = {
			isa = PBXNativeTarget;
			buildConfigurationList = DB0E9AB727832C6F00ACFCF9 /* Build configuration list for PBXNativeTarget "PokemonQuizApp" */;
			buildPhases = (
				DB0E9AA527832C6E00ACFCF9 /* Sources */,
				DB0E9AA627832C6E00ACFCF9 /* Frameworks */,
				DB0E9AA727832C6E00ACFCF9 /* Resources */,
			);
			buildRules = (
			);
			dependencies = (
			);
			name = PokemonQuizApp;
			packageProductDependencies = (
				DB0E9ABB27832EAF00ACFCF9 /* PokemonAPI */,
			);
			productName = PokemonQuizApp;
			productReference = DB0E9AA927832C6E00ACFCF9 /* PokemonQuizApp.app */;
			productType = "com.apple.product-type.application";
		};
/* End PBXNativeTarget section */

/* Begin PBXProject section */
		DB0E9AA127832C6E00ACFCF9 /* Project object */ = {
			isa = PBXProject;
			attributes = {
				BuildIndependentTargetsInParallel = 1;
				LastSwiftUpdateCheck = 1300;
				LastUpgradeCheck = 1300;
				TargetAttributes = {
					DB0E9AA827832C6E00ACFCF9 = {
						CreatedOnToolsVersion = 13.0;
					};
				};
			};
			buildConfigurationList = DB0E9AA427832C6E00ACFCF9 /* Build configuration list for PBXProject "PokemonQuizApp" */;
			compatibilityVersion = "Xcode 13.0";
			developmentRegion = en;
			hasScannedForEncodings = 0;
			knownRegions = (
				en,
				Base,
			);
			mainGroup = DB0E9AA027832C6E00ACFCF9;
			packageReferences = (
				DB0E9ABA27832EAF00ACFCF9 /* XCRemoteSwiftPackageReference "PokemonAPI" */,
			);
			productRefGroup = DB0E9AAA27832C6E00ACFCF9 /* Products */;
			projectDirPath = "";
			projectRoot = "";
			targets = (
				DB0E9AA827832C6E00ACFCF9 /* PokemonQuizApp */,
			);
		};
/* End PBXProject section */

/* Begin PBXResourcesBuildPhase section */
		DB0E9AA727832C6E00ACFCF9 /* Resources */ = {
			isa = PBXResourcesBuildPhase;
			buildActionMask = 2147483647;
			files = (
				DB0E9AB427832C6F00ACFCF9 /* Preview Assets.xcassets in Resources */,
				DB0E9AB127832C6F00ACFCF9 /* Assets.xcassets in Resources */,
			);
			runOnlyForDeploymentPostprocessing = 0;
		};
/* End PBXResourcesBuildPhase section */

/* Begin PBXSourcesBuildPhase section */
		DB0E9AA527832C6E00ACFCF9 /* Sources */ = {
			isa = PBXSourcesBuildPhase;
			buildActionMask = 2147483647;
			files = (
				DB6694B227845D4F00A14282 /* PokemonQuizGame.swift in Sources */,
				DB0E9AAF27832C6E00ACFCF9 /* PokemonGameView.swift in Sources */,
				DBA80259278A1D3D000B9AE2 /* StartupView.swift in Sources */,
				DB6694B6278465C200A14282 /* UtilityViews.swift in Sources */,
				DB6694BA27846CD800A14282 /* UtilityExtensions.swift in Sources */,
				DBED475B278B3AA3009F2002 /* RegionIndexView.swift in Sources */,
				DB0E9ABE2783304900ACFCF9 /* PokemonRegionModel.swift in Sources */,
				DBED475D278B904B009F2002 /* ViewModifierExtensions.swift in Sources */,
				DB6694B827846BA300A14282 /* Sprite.swift in Sources */,
				DB0E9AAD27832C6E00ACFCF9 /* PokemonQuizApp.swift in Sources */,
				DB9227B0278A2EBF00051985 /* HighscoreView.swift in Sources */,
			);
			runOnlyForDeploymentPostprocessing = 0;
		};
/* End PBXSourcesBuildPhase section */

/* Begin XCBuildConfiguration section */
		DB0E9AB527832C6F00ACFCF9 /* Debug */ = {
			isa = XCBuildConfiguration;
			buildSettings = {
				ALWAYS_SEARCH_USER_PATHS = NO;
				CLANG_ANALYZER_NONNULL = YES;
				CLANG_ANALYZER_NUMBER_OBJECT_CONVERSION = YES_AGGRESSIVE;
				CLANG_CXX_LANGUAGE_STANDARD = "gnu++17";
				CLANG_CXX_LIBRARY = "libc++";
				CLANG_ENABLE_MODULES = YES;
				CLANG_ENABLE_OBJC_ARC = YES;
				CLANG_ENABLE_OBJC_WEAK = YES;
				CLANG_WARN_BLOCK_CAPTURE_AUTORELEASING = YES;
				CLANG_WARN_BOOL_CONVERSION = YES;
				CLANG_WARN_COMMA = YES;
				CLANG_WARN_CONSTANT_CONVERSION = YES;
				CLANG_WARN_DEPRECATED_OBJC_IMPLEMENTATIONS = YES;
				CLANG_WARN_DIRECT_OBJC_ISA_USAGE = YES_ERROR;
				CLANG_WARN_DOCUMENTATION_COMMENTS = YES;
				CLANG_WARN_EMPTY_BODY = YES;
				CLANG_WARN_ENUM_CONVERSION = YES;
				CLANG_WARN_INFINITE_RECURSION = YES;
				CLANG_WARN_INT_CONVERSION = YES;
				CLANG_WARN_NON_LITERAL_NULL_CONVERSION = YES;
				CLANG_WARN_OBJC_IMPLICIT_RETAIN_SELF = YES;
				CLANG_WARN_OBJC_LITERAL_CONVERSION = YES;
				CLANG_WARN_OBJC_ROOT_CLASS = YES_ERROR;
				CLANG_WARN_QUOTED_INCLUDE_IN_FRAMEWORK_HEADER = YES;
				CLANG_WARN_RANGE_LOOP_ANALYSIS = YES;
				CLANG_WARN_STRICT_PROTOTYPES = YES;
				CLANG_WARN_SUSPICIOUS_MOVE = YES;
				CLANG_WARN_UNGUARDED_AVAILABILITY = YES_AGGRESSIVE;
				CLANG_WARN_UNREACHABLE_CODE = YES;
				CLANG_WARN__DUPLICATE_METHOD_MATCH = YES;
				COPY_PHASE_STRIP = NO;
				DEBUG_INFORMATION_FORMAT = dwarf;
				ENABLE_STRICT_OBJC_MSGSEND = YES;
				ENABLE_TESTABILITY = YES;
				GCC_C_LANGUAGE_STANDARD = gnu11;
				GCC_DYNAMIC_NO_PIC = NO;
				GCC_NO_COMMON_BLOCKS = YES;
				GCC_OPTIMIZATION_LEVEL = 0;
				GCC_PREPROCESSOR_DEFINITIONS = (
					"DEBUG=1",
					"$(inherited)",
				);
				GCC_WARN_64_TO_32_BIT_CONVERSION = YES;
				GCC_WARN_ABOUT_RETURN_TYPE = YES_ERROR;
				GCC_WARN_UNDECLARED_SELECTOR = YES;
				GCC_WARN_UNINITIALIZED_AUTOS = YES_AGGRESSIVE;
				GCC_WARN_UNUSED_FUNCTION = YES;
				GCC_WARN_UNUSED_VARIABLE = YES;
				IPHONEOS_DEPLOYMENT_TARGET = 15.0;
				MTL_ENABLE_DEBUG_INFO = INCLUDE_SOURCE;
				MTL_FAST_MATH = YES;
				ONLY_ACTIVE_ARCH = YES;
				SDKROOT = iphoneos;
				SWIFT_ACTIVE_COMPILATION_CONDITIONS = DEBUG;
				SWIFT_OPTIMIZATION_LEVEL = "-Onone";
			};
			name = Debug;
		};
		DB0E9AB627832C6F00ACFCF9 /* Release */ = {
			isa = XCBuildConfiguration;
			buildSettings = {
				ALWAYS_SEARCH_USER_PATHS = NO;
				CLANG_ANALYZER_NONNULL = YES;
				CLANG_ANALYZER_NUMBER_OBJECT_CONVERSION = YES_AGGRESSIVE;
				CLANG_CXX_LANGUAGE_STANDARD = "gnu++17";
				CLANG_CXX_LIBRARY = "libc++";
				CLANG_ENABLE_MODULES = YES;
				CLANG_ENABLE_OBJC_ARC = YES;
				CLANG_ENABLE_OBJC_WEAK = YES;
				CLANG_WARN_BLOCK_CAPTURE_AUTORELEASING = YES;
				CLANG_WARN_BOOL_CONVERSION = YES;
				CLANG_WARN_COMMA = YES;
				CLANG_WARN_CONSTANT_CONVERSION = YES;
				CLANG_WARN_DEPRECATED_OBJC_IMPLEMENTATIONS = YES;
				CLANG_WARN_DIRECT_OBJC_ISA_USAGE = YES_ERROR;
				CLANG_WARN_DOCUMENTATION_COMMENTS = YES;
				CLANG_WARN_EMPTY_BODY = YES;
				CLANG_WARN_ENUM_CONVERSION = YES;
				CLANG_WARN_INFINITE_RECURSION = YES;
				CLANG_WARN_INT_CONVERSION = YES;
				CLANG_WARN_NON_LITERAL_NULL_CONVERSION = YES;
				CLANG_WARN_OBJC_IMPLICIT_RETAIN_SELF = YES;
				CLANG_WARN_OBJC_LITERAL_CONVERSION = YES;
				CLANG_WARN_OBJC_ROOT_CLASS = YES_ERROR;
				CLANG_WARN_QUOTED_INCLUDE_IN_FRAMEWORK_HEADER = YES;
				CLANG_WARN_RANGE_LOOP_ANALYSIS = YES;
				CLANG_WARN_STRICT_PROTOTYPES = YES;
				CLANG_WARN_SUSPICIOUS_MOVE = YES;
				CLANG_WARN_UNGUARDED_AVAILABILITY = YES_AGGRESSIVE;
				CLANG_WARN_UNREACHABLE_CODE = YES;
				CLANG_WARN__DUPLICATE_METHOD_MATCH = YES;
				COPY_PHASE_STRIP = NO;
				DEBUG_INFORMATION_FORMAT = "dwarf-with-dsym";
				ENABLE_NS_ASSERTIONS = NO;
				ENABLE_STRICT_OBJC_MSGSEND = YES;
				GCC_C_LANGUAGE_STANDARD = gnu11;
				GCC_NO_COMMON_BLOCKS = YES;
				GCC_WARN_64_TO_32_BIT_CONVERSION = YES;
				GCC_WARN_ABOUT_RETURN_TYPE = YES_ERROR;
				GCC_WARN_UNDECLARED_SELECTOR = YES;
				GCC_WARN_UNINITIALIZED_AUTOS = YES_AGGRESSIVE;
				GCC_WARN_UNUSED_FUNCTION = YES;
				GCC_WARN_UNUSED_VARIABLE = YES;
				IPHONEOS_DEPLOYMENT_TARGET = 15.0;
				MTL_ENABLE_DEBUG_INFO = NO;
				MTL_FAST_MATH = YES;
				SDKROOT = iphoneos;
				SWIFT_COMPILATION_MODE = wholemodule;
				SWIFT_OPTIMIZATION_LEVEL = "-O";
				VALIDATE_PRODUCT = YES;
			};
			name = Release;
		};
		DB0E9AB827832C6F00ACFCF9 /* Debug */ = {
			isa = XCBuildConfiguration;
			buildSettings = {
				ASSETCATALOG_COMPILER_APPICON_NAME = AppIcon;
				ASSETCATALOG_COMPILER_GLOBAL_ACCENT_COLOR_NAME = AccentColor;
				CODE_SIGN_STYLE = Automatic;
				CURRENT_PROJECT_VERSION = 1;
				DEVELOPMENT_ASSET_PATHS = "\"PokemonQuizApp/Preview Content\"";
				DEVELOPMENT_TEAM = 742534FSVJ;
				ENABLE_PREVIEWS = YES;
				GENERATE_INFOPLIST_FILE = YES;
				INFOPLIST_KEY_UIApplicationSceneManifest_Generation = YES;
				INFOPLIST_KEY_UIApplicationSupportsIndirectInputEvents = YES;
				INFOPLIST_KEY_UILaunchScreen_Generation = YES;
				INFOPLIST_KEY_UISupportedInterfaceOrientations_iPad = "UIInterfaceOrientationPortrait UIInterfaceOrientationPortraitUpsideDown UIInterfaceOrientationLandscapeLeft UIInterfaceOrientationLandscapeRight";
				INFOPLIST_KEY_UISupportedInterfaceOrientations_iPhone = "UIInterfaceOrientationPortrait UIInterfaceOrientationLandscapeLeft UIInterfaceOrientationLandscapeRight";
				IPHONEOS_DEPLOYMENT_TARGET = 14.0;
				LD_RUNPATH_SEARCH_PATHS = (
					"$(inherited)",
					"@executable_path/Frameworks",
				);
				MARKETING_VERSION = 1.0;
				PRODUCT_BUNDLE_IDENTIFIER = "bdebock-protonmail.com.PokemonQuizApp";
				PRODUCT_NAME = "$(TARGET_NAME)";
				SWIFT_EMIT_LOC_STRINGS = YES;
				SWIFT_VERSION = 5.0;
				TARGETED_DEVICE_FAMILY = "1,2";
			};
			name = Debug;
		};
		DB0E9AB927832C6F00ACFCF9 /* Release */ = {
			isa = XCBuildConfiguration;
			buildSettings = {
				ASSETCATALOG_COMPILER_APPICON_NAME = AppIcon;
				ASSETCATALOG_COMPILER_GLOBAL_ACCENT_COLOR_NAME = AccentColor;
				CODE_SIGN_STYLE = Automatic;
				CURRENT_PROJECT_VERSION = 1;
				DEVELOPMENT_ASSET_PATHS = "\"PokemonQuizApp/Preview Content\"";
				DEVELOPMENT_TEAM = 742534FSVJ;
				ENABLE_PREVIEWS = YES;
				GENERATE_INFOPLIST_FILE = YES;
				INFOPLIST_KEY_UIApplicationSceneManifest_Generation = YES;
				INFOPLIST_KEY_UIApplicationSupportsIndirectInputEvents = YES;
				INFOPLIST_KEY_UILaunchScreen_Generation = YES;
				INFOPLIST_KEY_UISupportedInterfaceOrientations_iPad = "UIInterfaceOrientationPortrait UIInterfaceOrientationPortraitUpsideDown UIInterfaceOrientationLandscapeLeft UIInterfaceOrientationLandscapeRight";
				INFOPLIST_KEY_UISupportedInterfaceOrientations_iPhone = "UIInterfaceOrientationPortrait UIInterfaceOrientationLandscapeLeft UIInterfaceOrientationLandscapeRight";
				IPHONEOS_DEPLOYMENT_TARGET = 14.0;
				LD_RUNPATH_SEARCH_PATHS = (
					"$(inherited)",
					"@executable_path/Frameworks",
				);
				MARKETING_VERSION = 1.0;
				PRODUCT_BUNDLE_IDENTIFIER = "bdebock-protonmail.com.PokemonQuizApp";
				PRODUCT_NAME = "$(TARGET_NAME)";
				SWIFT_EMIT_LOC_STRINGS = YES;
				SWIFT_VERSION = 5.0;
				TARGETED_DEVICE_FAMILY = "1,2";
			};
			name = Release;
		};
/* End XCBuildConfiguration section */

/* Begin XCConfigurationList section */
		DB0E9AA427832C6E00ACFCF9 /* Build configuration list for PBXProject "PokemonQuizApp" */ = {
			isa = XCConfigurationList;
			buildConfigurations = (
				DB0E9AB527832C6F00ACFCF9 /* Debug */,
				DB0E9AB627832C6F00ACFCF9 /* Release */,
			);
			defaultConfigurationIsVisible = 0;
			defaultConfigurationName = Release;
		};
		DB0E9AB727832C6F00ACFCF9 /* Build configuration list for PBXNativeTarget "PokemonQuizApp" */ = {
			isa = XCConfigurationList;
			buildConfigurations = (
				DB0E9AB827832C6F00ACFCF9 /* Debug */,
				DB0E9AB927832C6F00ACFCF9 /* Release */,
			);
			defaultConfigurationIsVisible = 0;
			defaultConfigurationName = Release;
		};
/* End XCConfigurationList section */

/* Begin XCRemoteSwiftPackageReference section */
		DB0E9ABA27832EAF00ACFCF9 /* XCRemoteSwiftPackageReference "PokemonAPI" */ = {
			isa = XCRemoteSwiftPackageReference;
			repositoryURL = "https://github.com/kinkofer/PokemonAPI";
			requirement = {
				branch = master;
				kind = branch;
			};
		};
/* End XCRemoteSwiftPackageReference section */

/* Begin XCSwiftPackageProductDependency section */
		DB0E9ABB27832EAF00ACFCF9 /* PokemonAPI */ = {
			isa = XCSwiftPackageProductDependency;
			package = DB0E9ABA27832EAF00ACFCF9 /* XCRemoteSwiftPackageReference "PokemonAPI" */;
			productName = PokemonAPI;
		};
/* End XCSwiftPackageProductDependency section */
	};
	rootObject = DB0E9AA127832C6E00ACFCF9 /* Project object */;
}
